
Microsoft Visual Studio Solution File, Format Version 12.00
# Visual Studio 15
VisualStudioVersion = 15.0.27004.2006
MinimumVisualStudioVersion = 10.0.40219.1
Project("{FAE04EC0-301F-11D3-BF4B-00C04F79EFBC}") = "CustomVisionPrectionURL", "CustomVisionPrectionURL\CustomVisionPrectionURL.csproj", "{CE1A524B-A00C-4C84-9E02-4789FBA3E9D5}"
EndProject
Global
	GlobalSection(SolutionConfigurationPlatforms) = preSolution
		Debug|Any CPU = Debug|Any CPU
		Release|Any CPU = Release|Any CPU
	EndGlobalSection
	GlobalSection(ProjectConfigurationPlatforms) = postSolution
		{CE1A524B-A00C-4C84-9E02-4789FBA3E9D5}.Debug|Any CPU.ActiveCfg = Debug|Any CPU
		{CE1A524B-A00C-4C84-9E02-4789FBA3E9D5}.Debug|Any CPU.Build.0 = Debug|Any CPU
		{CE1A524B-A00C-4C84-9E02-4789FBA3E9D5}.Release|Any CPU.ActiveCfg = Release|Any CPU
		{CE1A524B-A00C-4C84-9E02-4789FBA3E9D5}.Release|Any CPU.Build.0 = Release|Any CPU
	EndGlobalSection
	GlobalSection(SolutionProperties) = preSolution
		HideSolutionNode = FALSE
	EndGlobalSection
	GlobalSection(ExtensibilityGlobals) = postSolution
		SolutionGuid = {605F1375-076A-4C51-8730-18B977D16B1E}
	EndGlobalSection
EndGlobal
